
Microsoft Visual Studio Solution File, Format Version 12.00
# Visual Studio Version 17
VisualStudioVersion = 17.13.35931.197
MinimumVisualStudioVersion = 10.0.40219.1
Project("{FAE04EC0-301F-11D3-BF4B-00C04F79EFBC}") = "Crm", "Crm\Crm.csproj", "{78313F04-9A5D-434F-83C1-76E84957AA6B}"
EndProject
Project("{2150E333-8FDC-42A3-9474-1A3956D46DE8}") = "Projektmappenelemente", "Projektmappenelemente", "{84D27F74-D2BA-6C25-2661-968F101900D9}"
	ProjectSection(SolutionItems) = preProject
		Crm\Components\Pages\RechnungenErstellen.razor = Crm\Components\Pages\RechnungenErstellen.razor
	EndProjectSection
EndProject
Global
	GlobalSection(SolutionConfigurationPlatforms) = preSolution
		Debug|Any CPU = Debug|Any CPU
		Release|Any CPU = Release|Any CPU
	EndGlobalSection
	GlobalSection(ProjectConfigurationPlatforms) = postSolution
		{78313F04-9A5D-434F-83C1-76E84957AA6B}.Debug|Any CPU.ActiveCfg = Debug|Any CPU
		{78313F04-9A5D-434F-83C1-76E84957AA6B}.Debug|Any CPU.Build.0 = Debug|Any CPU
		{78313F04-9A5D-434F-83C1-76E84957AA6B}.Release|Any CPU.ActiveCfg = Release|Any CPU
		{78313F04-9A5D-434F-83C1-76E84957AA6B}.Release|Any CPU.Build.0 = Release|Any CPU
	EndGlobalSection
	GlobalSection(SolutionProperties) = preSolution
		HideSolutionNode = FALSE
	EndGlobalSection
	GlobalSection(ExtensibilityGlobals) = postSolution
		SolutionGuid = {03A38E0D-975A-4894-B6DB-EA77EB509783}
	EndGlobalSection
EndGlobal
